
Microsoft Visual Studio Solution File, Format Version 12.00
# Visual Studio Version 17
VisualStudioVersion = 17.12.35707.178
MinimumVisualStudioVersion = 10.0.40219.1
Project("{FAE04EC0-301F-11D3-BF4B-00C04F79EFBC}") = "TournamentMaster.API", "TournamentMaster.API\TournamentMaster.API.csproj", "{74276D82-C6D9-4F9E-B9D0-0BCD5E49F2A8}"
EndProject
Project("{FAE04EC0-301F-11D3-BF4B-00C04F79EFBC}") = "TournamentMaster.Application", "TournamentMaster.Application\TournamentMaster.Application.csproj", "{FC5E9AF8-0A84-4733-B2A6-3C1A6190CD46}"
EndProject
Project("{FAE04EC0-301F-11D3-BF4B-00C04F79EFBC}") = "TournamentMaster.Domain", "TournamentMaster.Domain\TournamentMaster.Domain.csproj", "{8FEC3D05-F0A3-400D-8F57-6FC03E2D5EB3}"
EndProject
Project("{FAE04EC0-301F-11D3-BF4B-00C04F79EFBC}") = "TournamentMaster.Infrastructure", "TournamentMaster.Infrastructure\TournamentMaster.Infrastructure.csproj", "{1E62B7A3-5B54-4BC5-BA1D-270A70C74293}"
EndProject
Project("{FAE04EC0-301F-11D3-BF4B-00C04F79EFBC}") = "TournamentMaster.Tests", "TournamentMaster.Tests\TournamentMaster.Tests.csproj", "{B3D046AD-9D22-41AC-AEF1-CEC0D9C643C7}"
EndProject
Global
	GlobalSection(SolutionConfigurationPlatforms) = preSolution
		Debug|Any CPU = Debug|Any CPU
		Release|Any CPU = Release|Any CPU
	EndGlobalSection
	GlobalSection(ProjectConfigurationPlatforms) = postSolution
		{74276D82-C6D9-4F9E-B9D0-0BCD5E49F2A8}.Debug|Any CPU.ActiveCfg = Debug|Any CPU
		{74276D82-C6D9-4F9E-B9D0-0BCD5E49F2A8}.Debug|Any CPU.Build.0 = Debug|Any CPU
		{74276D82-C6D9-4F9E-B9D0-0BCD5E49F2A8}.Release|Any CPU.ActiveCfg = Release|Any CPU
		{74276D82-C6D9-4F9E-B9D0-0BCD5E49F2A8}.Release|Any CPU.Build.0 = Release|Any CPU
		{FC5E9AF8-0A84-4733-B2A6-3C1A6190CD46}.Debug|Any CPU.ActiveCfg = Debug|Any CPU
		{FC5E9AF8-0A84-4733-B2A6-3C1A6190CD46}.Debug|Any CPU.Build.0 = Debug|Any CPU
		{FC5E9AF8-0A84-4733-B2A6-3C1A6190CD46}.Release|Any CPU.ActiveCfg = Release|Any CPU
		{FC5E9AF8-0A84-4733-B2A6-3C1A6190CD46}.Release|Any CPU.Build.0 = Release|Any CPU
		{8FEC3D05-F0A3-400D-8F57-6FC03E2D5EB3}.Debug|Any CPU.ActiveCfg = Debug|Any CPU
		{8FEC3D05-F0A3-400D-8F57-6FC03E2D5EB3}.Debug|Any CPU.Build.0 = Debug|Any CPU
		{8FEC3D05-F0A3-400D-8F57-6FC03E2D5EB3}.Release|Any CPU.ActiveCfg = Release|Any CPU
		{8FEC3D05-F0A3-400D-8F57-6FC03E2D5EB3}.Release|Any CPU.Build.0 = Release|Any CPU
		{1E62B7A3-5B54-4BC5-BA1D-270A70C74293}.Debug|Any CPU.ActiveCfg = Debug|Any CPU
		{1E62B7A3-5B54-4BC5-BA1D-270A70C74293}.Debug|Any CPU.Build.0 = Debug|Any CPU
		{1E62B7A3-5B54-4BC5-BA1D-270A70C74293}.Release|Any CPU.ActiveCfg = Release|Any CPU
		{1E62B7A3-5B54-4BC5-BA1D-270A70C74293}.Release|Any CPU.Build.0 = Release|Any CPU
		{B3D046AD-9D22-41AC-AEF1-CEC0D9C643C7}.Debug|Any CPU.ActiveCfg = Debug|Any CPU
		{B3D046AD-9D22-41AC-AEF1-CEC0D9C643C7}.Debug|Any CPU.Build.0 = Debug|Any CPU
		{B3D046AD-9D22-41AC-AEF1-CEC0D9C643C7}.Release|Any CPU.ActiveCfg = Release|Any CPU
		{B3D046AD-9D22-41AC-AEF1-CEC0D9C643C7}.Release|Any CPU.Build.0 = Release|Any CPU
	EndGlobalSection
	GlobalSection(SolutionProperties) = preSolution
		HideSolutionNode = FALSE
	EndGlobalSection
EndGlobal
